
Microsoft Visual Studio Solution File, Format Version 11.00
# Visual Studio 2010
Project("{FAE04EC0-301F-11D3-BF4B-00C04F79EFBC}") = "Carnelian", "Carnelian\Carnelian.csproj", "{5B7E8100-7270-4189-91F9-1601E1B25AFA}"
EndProject
Project("{FAE04EC0-301F-11D3-BF4B-00C04F79EFBC}") = "Carnelian.Tests", "Carnelian.Tests\Carnelian.Tests.csproj", "{8C58EF7A-83BC-4672-9304-05CC55C95565}"
EndProject
Global
	GlobalSection(SolutionConfigurationPlatforms) = preSolution
		Debug|Any CPU = Debug|Any CPU
		Release|Any CPU = Release|Any CPU
	EndGlobalSection
	GlobalSection(ProjectConfigurationPlatforms) = postSolution
		{5B7E8100-7270-4189-91F9-1601E1B25AFA}.Debug|Any CPU.ActiveCfg = Debug|Any CPU
		{5B7E8100-7270-4189-91F9-1601E1B25AFA}.Debug|Any CPU.Build.0 = Debug|Any CPU
		{5B7E8100-7270-4189-91F9-1601E1B25AFA}.Release|Any CPU.ActiveCfg = Release|Any CPU
		{5B7E8100-7270-4189-91F9-1601E1B25AFA}.Release|Any CPU.Build.0 = Release|Any CPU
		{8C58EF7A-83BC-4672-9304-05CC55C95565}.Debug|Any CPU.ActiveCfg = Debug|Any CPU
		{8C58EF7A-83BC-4672-9304-05CC55C95565}.Debug|Any CPU.Build.0 = Debug|Any CPU
		{8C58EF7A-83BC-4672-9304-05CC55C95565}.Release|Any CPU.ActiveCfg = Release|Any CPU
		{8C58EF7A-83BC-4672-9304-05CC55C95565}.Release|Any CPU.Build.0 = Release|Any CPU
	EndGlobalSection
	GlobalSection(SolutionProperties) = preSolution
		HideSolutionNode = FALSE
	EndGlobalSection
EndGlobal
